
Microsoft Visual Studio Solution File, Format Version 12.00
# Visual Studio Version 17
VisualStudioVersion = 17.2.32526.322
MinimumVisualStudioVersion = 10.0.40219.1
Project("{9A19103F-16F7-4668-BE54-9A1E7A4F7556}") = "ObjectBuilder", "ObjectBuilderNew\ObjectBuilder.csproj", "{BC9E4D7F-5005-4CF1-A25C-281E71650C60}"
EndProject
Project("{9A19103F-16F7-4668-BE54-9A1E7A4F7556}") = "ObjectBuilder.Tests", "ObjectBuilderNew.Tests\ObjectBuilder.Tests.csproj", "{EF30FD4A-0B53-4311-BC97-0C03703F2F1F}"
EndProject
Project("{2150E333-8FDC-42A3-9474-1A3956D46DE8}") = "Solution Items", "Solution Items", "{0E907C73-3A4F-46F2-A821-81B1373BC413}"
	ProjectSection(SolutionItems) = preProject
		EULA.md = EULA.md
	EndProjectSection
EndProject
Global
	GlobalSection(SolutionConfigurationPlatforms) = preSolution
		Debug|Any CPU = Debug|Any CPU
		Release|Any CPU = Release|Any CPU
	EndGlobalSection
	GlobalSection(ProjectConfigurationPlatforms) = postSolution
		{BC9E4D7F-5005-4CF1-A25C-281E71650C60}.Debug|Any CPU.ActiveCfg = Debug|Any CPU
		{BC9E4D7F-5005-4CF1-A25C-281E71650C60}.Debug|Any CPU.Build.0 = Debug|Any CPU
		{BC9E4D7F-5005-4CF1-A25C-281E71650C60}.Release|Any CPU.ActiveCfg = Release|Any CPU
		{BC9E4D7F-5005-4CF1-A25C-281E71650C60}.Release|Any CPU.Build.0 = Release|Any CPU
		{EF30FD4A-0B53-4311-BC97-0C03703F2F1F}.Debug|Any CPU.ActiveCfg = Debug|Any CPU
		{EF30FD4A-0B53-4311-BC97-0C03703F2F1F}.Debug|Any CPU.Build.0 = Debug|Any CPU
		{EF30FD4A-0B53-4311-BC97-0C03703F2F1F}.Release|Any CPU.ActiveCfg = Release|Any CPU
		{EF30FD4A-0B53-4311-BC97-0C03703F2F1F}.Release|Any CPU.Build.0 = Release|Any CPU
	EndGlobalSection
	GlobalSection(SolutionProperties) = preSolution
		HideSolutionNode = FALSE
	EndGlobalSection
	GlobalSection(ExtensibilityGlobals) = postSolution
		SolutionGuid = {5AEED037-FCB2-486E-9C64-30CCFB0D20D9}
	EndGlobalSection
EndGlobal
